
Microsoft Visual Studio Solution File, Format Version 12.00
# Visual Studio 14
VisualStudioVersion = 14.0.23107.0
MinimumVisualStudioVersion = 10.0.40219.1
Project("{FAE04EC0-301F-11D3-BF4B-00C04F79EFBC}") = "HAXCSolar", "HAXCSolar\HAXCSolar.csproj", "{344CC565-67C8-4971-BC43-0B27BAC7D82F}"
EndProject
Global
	GlobalSection(SolutionConfigurationPlatforms) = preSolution
		Debug|ARM = Debug|ARM
		Debug|x64 = Debug|x64
		Debug|x86 = Debug|x86
		Release|ARM = Release|ARM
		Release|x64 = Release|x64
		Release|x86 = Release|x86
		Remote Debug|ARM = Remote Debug|ARM
		Remote Debug|x64 = Remote Debug|x64
		Remote Debug|x86 = Remote Debug|x86
		Remote Release|ARM = Remote Release|ARM
		Remote Release|x64 = Remote Release|x64
		Remote Release|x86 = Remote Release|x86
	EndGlobalSection
	GlobalSection(ProjectConfigurationPlatforms) = postSolution
		{344CC565-67C8-4971-BC43-0B27BAC7D82F}.Debug|ARM.ActiveCfg = Debug|ARM
		{344CC565-67C8-4971-BC43-0B27BAC7D82F}.Debug|ARM.Build.0 = Debug|ARM
		{344CC565-67C8-4971-BC43-0B27BAC7D82F}.Debug|ARM.Deploy.0 = Debug|ARM
		{344CC565-67C8-4971-BC43-0B27BAC7D82F}.Debug|x64.ActiveCfg = Debug|x64
		{344CC565-67C8-4971-BC43-0B27BAC7D82F}.Debug|x64.Build.0 = Debug|x64
		{344CC565-67C8-4971-BC43-0B27BAC7D82F}.Debug|x64.Deploy.0 = Debug|x64
		{344CC565-67C8-4971-BC43-0B27BAC7D82F}.Debug|x86.ActiveCfg = Debug|x86
		{344CC565-67C8-4971-BC43-0B27BAC7D82F}.Debug|x86.Build.0 = Debug|x86
		{344CC565-67C8-4971-BC43-0B27BAC7D82F}.Debug|x86.Deploy.0 = Debug|x86
		{344CC565-67C8-4971-BC43-0B27BAC7D82F}.Release|ARM.ActiveCfg = Release|ARM
		{344CC565-67C8-4971-BC43-0B27BAC7D82F}.Release|ARM.Build.0 = Release|ARM
		{344CC565-67C8-4971-BC43-0B27BAC7D82F}.Release|ARM.Deploy.0 = Release|ARM
		{344CC565-67C8-4971-BC43-0B27BAC7D82F}.Release|x64.ActiveCfg = Release|x64
		{344CC565-67C8-4971-BC43-0B27BAC7D82F}.Release|x64.Build.0 = Release|x64
		{344CC565-67C8-4971-BC43-0B27BAC7D82F}.Release|x64.Deploy.0 = Release|x64
		{344CC565-67C8-4971-BC43-0B27BAC7D82F}.Release|x86.ActiveCfg = Release|x86
		{344CC565-67C8-4971-BC43-0B27BAC7D82F}.Release|x86.Build.0 = Release|x86
		{344CC565-67C8-4971-BC43-0B27BAC7D82F}.Release|x86.Deploy.0 = Release|x86
		{344CC565-67C8-4971-BC43-0B27BAC7D82F}.Remote Debug|ARM.ActiveCfg = Remote Debug|ARM
		{344CC565-67C8-4971-BC43-0B27BAC7D82F}.Remote Debug|ARM.Build.0 = Remote Debug|ARM
		{344CC565-67C8-4971-BC43-0B27BAC7D82F}.Remote Debug|ARM.Deploy.0 = Remote Debug|ARM
		{344CC565-67C8-4971-BC43-0B27BAC7D82F}.Remote Debug|x64.ActiveCfg = Remote Debug|x64
		{344CC565-67C8-4971-BC43-0B27BAC7D82F}.Remote Debug|x64.Build.0 = Remote Debug|x64
		{344CC565-67C8-4971-BC43-0B27BAC7D82F}.Remote Debug|x64.Deploy.0 = Remote Debug|x64
		{344CC565-67C8-4971-BC43-0B27BAC7D82F}.Remote Debug|x86.ActiveCfg = Remote Debug|ARM
		{344CC565-67C8-4971-BC43-0B27BAC7D82F}.Remote Debug|x86.Build.0 = Remote Debug|ARM
		{344CC565-67C8-4971-BC43-0B27BAC7D82F}.Remote Debug|x86.Deploy.0 = Remote Debug|ARM
		{344CC565-67C8-4971-BC43-0B27BAC7D82F}.Remote Release|ARM.ActiveCfg = Remote Release|ARM
		{344CC565-67C8-4971-BC43-0B27BAC7D82F}.Remote Release|ARM.Build.0 = Remote Release|ARM
		{344CC565-67C8-4971-BC43-0B27BAC7D82F}.Remote Release|ARM.Deploy.0 = Remote Release|ARM
		{344CC565-67C8-4971-BC43-0B27BAC7D82F}.Remote Release|x64.ActiveCfg = Remote Release|x64
		{344CC565-67C8-4971-BC43-0B27BAC7D82F}.Remote Release|x64.Build.0 = Remote Release|x64
		{344CC565-67C8-4971-BC43-0B27BAC7D82F}.Remote Release|x64.Deploy.0 = Remote Release|x64
		{344CC565-67C8-4971-BC43-0B27BAC7D82F}.Remote Release|x86.ActiveCfg = Remote Release|ARM
		{344CC565-67C8-4971-BC43-0B27BAC7D82F}.Remote Release|x86.Build.0 = Remote Release|ARM
		{344CC565-67C8-4971-BC43-0B27BAC7D82F}.Remote Release|x86.Deploy.0 = Remote Release|ARM
	EndGlobalSection
	GlobalSection(SolutionProperties) = preSolution
		HideSolutionNode = FALSE
	EndGlobalSection
EndGlobal
